<?xml version="1.0" encoding="utf-8"?>
<Project ToolsVersion="4.0" xmlns="http://schemas.microsoft.com/developer/msbuild/2003">
  <ItemGroup>
    <Filter Include="Source Files">
      <UniqueIdentifier>{4FC737F1-C7A5-4376-A066-2A32D752A2FF}</UniqueIdentifier>
      <Extensions>cpp;c;cc;cxx;c++;cppm;ixx;def;odl;idl;hpj;bat;asm;asmx</Extensions>
    </Filter>
    <Filter Include="Header Files">
      <UniqueIdentifier>{93995380-89BD-4b04-88EB-625FBE52EBFB}</UniqueIdentifier>
      <Extensions>h;hh;hpp;hxx;h++;hm;inl;inc;ipp;xsd</Extensions>
    </Filter>
    <Filter Include="Resource Files">
      <UniqueIdentifier>{67DA6AB6-F800-4c08-8B7A-83BB121AAD01}</UniqueIdentifier>
      <Extensions>rc;ico;cur;bmp;dlg;rc2;rct;bin;rgs;gif;jpg;jpeg;jpe;resx;tiff;tif;png;wav;mfcribbon-ms</Extensions>
    </Filter>
  </ItemGroup>
  <ItemGroup>
    <ClInclude Include="src\app\CustomRP.h">
      <Filter>Header Files</Filter>
    </ClInclude>
    <ClInclude Include="src\ui\Dlg.h">
      <Filter>Header Files</Filter>
    </ClInclude>
    <ClInclude Include="src\pch\framework.h">
      <Filter>Header Files</Filter>
    </ClInclude>
    <ClInclude Include="src\pch\targetver.h">
      <Filter>Header Files</Filter>
    </ClInclude>
    <ClInclude Include="res\Resource.h">
      <Filter>Header Files</Filter>
    </ClInclude>
    <ClInclude Include="src\pch\pch.h">
      <Filter>Header Files</Filter>
    </ClInclude>
    <ClInclude Include="src\ui\TabGeneral.h">
      <Filter>Header Files</Filter>
    </ClInclude>
    <ClInclude Include="src\ui\TabAdvanced.h">
      <Filter>Header Files</Filter>
    </ClInclude>
    <ClInclude Include="src\ui\TabAbout.h">
      <Filter>Header Files</Filter>
    </ClInclude>
    <ClInclude Include="src\tray\TrayIcon.h">
      <Filter>Header Files</Filter>
    </ClInclude>
    <ClInclude Include="src\util\Logger.h">
      <Filter>Header Files</Filter>
    </ClInclude>
    <ClInclude Include="include\achievement_manager.h">
      <Filter>Header Files</Filter>
    </ClInclude>
    <ClInclude Include="include\activity_manager.h">
      <Filter>Header Files</Filter>
    </ClInclude>
    <ClInclude Include="include\application_manager.h">
      <Filter>Header Files</Filter>
    </ClInclude>
    <ClInclude Include="include\core.h">
      <Filter>Header Files</Filter>
    </ClInclude>
    <ClInclude Include="include\discord.h">
      <Filter>Header Files</Filter>
    </ClInclude>
    <ClInclude Include="include\event.h">
      <Filter>Header Files</Filter>
    </ClInclude>
    <ClInclude Include="include\ffi.h">
      <Filter>Header Files</Filter>
    </ClInclude>
    <ClInclude Include="include\image_manager.h">
      <Filter>Header Files</Filter>
    </ClInclude>
    <ClInclude Include="include\lobby_manager.h">
      <Filter>Header Files</Filter>
    </ClInclude>
    <ClInclude Include="include\network_manager.h">
      <Filter>Header Files</Filter>
    </ClInclude>
    <ClInclude Include="include\overlay_manager.h">
      <Filter>Header Files</Filter>
    </ClInclude>
    <ClInclude Include="include\relationship_manager.h">
      <Filter>Header Files</Filter>
    </ClInclude>
    <ClInclude Include="include\storage_manager.h">
      <Filter>Header Files</Filter>
    </ClInclude>
    <ClInclude Include="include\store_manager.h">
      <Filter>Header Files</Filter>
    </ClInclude>
    <ClInclude Include="include\types.h">
      <Filter>Header Files</Filter>
    </ClInclude>
    <ClInclude Include="include\user_manager.h">
      <Filter>Header Files</Filter>
    </ClInclude>
    <ClInclude Include="include\voice_manager.h">
      <Filter>Header Files</Filter>
    </ClInclude>
    <ClInclude Include="src\rpc\DiscordPresence.h">
      <Filter>Header Files</Filter>
    </ClInclude>
  </ItemGroup>
  <ItemGroup>
    <ClCompile Include="src\app\CustomRP.cpp">
      <Filter>Source Files</Filter>
    </ClCompile>
    <ClCompile Include="src\ui\Dlg.cpp">
      <Filter>Source Files</Filter>
    </ClCompile>
    <ClCompile Include="src\pch\pch.cpp">
      <Filter>Source Files</Filter>
    </ClCompile>
    <ClCompile Include="src\ui\TabGeneral.cpp">
      <Filter>Source Files</Filter>
    </ClCompile>
    <ClCompile Include="src\ui\TabAdvanced.cpp">
      <Filter>Source Files</Filter>
    </ClCompile>
    <ClCompile Include="src\ui\TabAbout.cpp">
      <Filter>Source Files</Filter>
    </ClCompile>
    <ClCompile Include="src\tray\TrayIcon.cpp">
      <Filter>Source Files</Filter>
    </ClCompile>
    <ClCompile Include="src\util\Logger.cpp">
      <Filter>Source Files</Filter>
    </ClCompile>
    <ClCompile Include="src\rpc\DiscordPresence.cpp">
      <Filter>Source Files</Filter>
    </ClCompile>
    <ClCompile Include="include\achievement_manager.cpp">
      <Filter>Source Files</Filter>
    </ClCompile>
    <ClCompile Include="include\activity_manager.cpp">
      <Filter>Source Files</Filter>
    </ClCompile>
    <ClCompile Include="include\application_manager.cpp">
      <Filter>Source Files</Filter>
    </ClCompile>
    <ClCompile Include="include\core.cpp">
      <Filter>Source Files</Filter>
    </ClCompile>
    <ClCompile Include="include\image_manager.cpp">
      <Filter>Source Files</Filter>
    </ClCompile>
    <ClCompile Include="include\lobby_manager.cpp">
      <Filter>Source Files</Filter>
    </ClCompile>
    <ClCompile Include="include\network_manager.cpp">
      <Filter>Source Files</Filter>
    </ClCompile>
    <ClCompile Include="include\overlay_manager.cpp">
      <Filter>Source Files</Filter>
    </ClCompile>
    <ClCompile Include="include\relationship_manager.cpp">
      <Filter>Source Files</Filter>
    </ClCompile>
    <ClCompile Include="include\storage_manager.cpp">
      <Filter>Source Files</Filter>
    </ClCompile>
    <ClCompile Include="include\store_manager.cpp">
      <Filter>Source Files</Filter>
    </ClCompile>
    <ClCompile Include="include\types.cpp">
      <Filter>Source Files</Filter>
    </ClCompile>
    <ClCompile Include="include\user_manager.cpp">
      <Filter>Source Files</Filter>
    </ClCompile>
    <ClCompile Include="include\voice_manager.cpp">
      <Filter>Source Files</Filter>
    </ClCompile>
  </ItemGroup>
  <ItemGroup>
    <ResourceCompile Include="res\CustomRP.rc">
      <Filter>Resource Files</Filter>
    </ResourceCompile>
  </ItemGroup>
  <ItemGroup>
    <None Include="res\CustomRP.rc2">
      <Filter>Resource Files</Filter>
    </None>
    <None Include=".gitignore" />
    <None Include=".gitattributes" />
  </ItemGroup>
  <ItemGroup>
    <Image Include="res\CustomRP.ico">
      <Filter>Resource Files</Filter>
    </Image>
  </ItemGroup>
</Project>